// !$*UTF8*$!
{
	archiveVersion = 1;
	classes = {
	};
	objectVersion = 50;
	objects = {

/* Begin PBXBuildFile section */
		773E938921475C8400185FA6 /* AppDelegate.m in Sources */ = {isa = PBXBuildFile; fileRef = 773E938821475C8400185FA6 /* AppDelegate.m */; };
		773E938C21475C8400185FA6 /* ViewController.m in Sources */ = {isa = PBXBuildFile; fileRef = 773E938B21475C8400185FA6 /* ViewController.m */; };
		773E938F21475C8400185FA6 /* Main.storyboard in Resources */ = {isa = PBXBuildFile; fileRef = 773E938D21475C8400185FA6 /* Main.storyboard */; };
		773E939121475C8600185FA6 /* Assets.xcassets in Resources */ = {isa = PBXBuildFile; fileRef = 773E939021475C8600185FA6 /* Assets.xcassets */; };
		773E939421475C8600185FA6 /* LaunchScreen.storyboard in Resources */ = {isa = PBXBuildFile; fileRef = 773E939221475C8600185FA6 /* LaunchScreen.storyboard */; };
		773E939721475C8600185FA6 /* main.m in Sources */ = {isa = PBXBuildFile; fileRef = 773E939621475C8600185FA6 /* main.m */; };
		773E93A121475C8700185FA6 /* iOS_NSCacheTests.m in Sources */ = {isa = PBXBuildFile; fileRef = 773E93A021475C8700185FA6 /* iOS_NSCacheTests.m */; };
		773E93AC21475C8700185FA6 /* iOS_NSCacheUITests.m in Sources */ = {isa = PBXBuildFile; fileRef = 773E93AB21475C8700185FA6 /* iOS_NSCacheUITests.m */; };
/* End PBXBuildFile section */

/* Begin PBXContainerItemProxy section */
		773E939D21475C8700185FA6 /* PBXContainerItemProxy */ = {
			isa = PBXContainerItemProxy;
			containerPortal = 773E937C21475C8400185FA6 /* Project object */;
			proxyType = 1;
			remoteGlobalIDString = 773E938321475C8400185FA6;
			remoteInfo = "iOS-NSCache";
		};
		773E93A821475C8700185FA6 /* PBXContainerItemProxy */ = {
			isa = PBXContainerItemProxy;
			containerPortal = 773E937C21475C8400185FA6 /* Project object */;
			proxyType = 1;
			remoteGlobalIDString = 773E938321475C8400185FA6;
			remoteInfo = "iOS-NSCache";
		};
/* End PBXContainerItemProxy section */

/* Begin PBXFileReference section */
		773E938421475C8400185FA6 /* iOS-NSCache.app */ = {isa = PBXFileReference; explicitFileType = wrapper.application; includeInIndex = 0; path = "iOS-NSCache.app"; sourceTree = BUILT_PRODUCTS_DIR; };
		773E938721475C8400185FA6 /* AppDelegate.h */ = {isa = PBXFileReference; lastKnownFileType = sourcecode.c.h; path = AppDelegate.h; sourceTree = "<group>"; };
		773E938821475C8400185FA6 /* AppDelegate.m */ = {isa = PBXFileReference; lastKnownFileType = sourcecode.c.objc; path = AppDelegate.m; sourceTree = "<group>"; };
		773E938A21475C8400185FA6 /* ViewController.h */ = {isa = PBXFileReference; lastKnownFileType = sourcecode.c.h; path = ViewController.h; sourceTree = "<group>"; };
		773E938B21475C8400185FA6 /* ViewController.m */ = {isa = PBXFileReference; lastKnownFileType = sourcecode.c.objc; path = ViewController.m; sourceTree = "<group>"; };
		773E938E21475C8400185FA6 /* Base */ = {isa = PBXFileReference; lastKnownFileType = file.storyboard; name = Base; path = Base.lproj/Main.storyboard; sourceTree = "<group>"; };
		773E939021475C8600185FA6 /* Assets.xcassets */ = {isa = PBXFileReference; lastKnownFileType = folder.assetcatalog; path = Assets.xcassets; sourceTree = "<group>"; };
		773E939321475C8600185FA6 /* Base */ = {isa = PBXFileReference; lastKnownFileType = file.storyboard; name = Base; path = Base.lproj/LaunchScreen.storyboard; sourceTree = "<group>"; };
		773E939521475C8600185FA6 /* Info.plist */ = {isa = PBXFileReference; lastKnownFileType = text.plist.xml; path = Info.plist; sourceTree = "<group>"; };
		773E939621475C8600185FA6 /* main.m */ = {isa = PBXFileReference; lastKnownFileType = sourcecode.c.objc; path = main.m; sourceTree = "<group>"; };
		773E939C21475C8700185FA6 /* iOS-NSCacheTests.xctest */ = {isa = PBXFileReference; explicitFileType = wrapper.cfbundle; includeInIndex = 0; path = "iOS-NSCacheTests.xctest"; sourceTree = BUILT_PRODUCTS_DIR; };
		773E93A021475C8700185FA6 /* iOS_NSCacheTests.m */ = {isa = PBXFileReference; lastKnownFileType = sourcecode.c.objc; path = iOS_NSCacheTests.m; sourceTree = "<group>"; };
		773E93A221475C8700185FA6 /* Info.plist */ = {isa = PBXFileReference; lastKnownFileType = text.plist.xml; path = Info.plist; sourceTree = "<group>"; };
		773E93A721475C8700185FA6 /* iOS-NSCacheUITests.xctest */ = {isa = PBXFileReference; explicitFileType = wrapper.cfbundle; includeInIndex = 0; path = "iOS-NSCacheUITests.xctest"; sourceTree = BUILT_PRODUCTS_DIR; };
		773E93AB21475C8700185FA6 /* iOS_NSCacheUITests.m */ = {isa = PBXFileReference; lastKnownFileType = sourcecode.c.objc; path = iOS_NSCacheUITests.m; sourceTree = "<group>"; };
		773E93AD21475C8700185FA6 /* Info.plist */ = {isa = PBXFileReference; lastKnownFileType = text.plist.xml; path = Info.plist; sourceTree = "<group>"; };
/* End PBXFileReference section */

/* Begin PBXFrameworksBuildPhase section */
		773E938121475C8400185FA6 /* Frameworks */ = {
			isa = PBXFrameworksBuildPhase;
			buildActionMask = 2147483647;
			files = (
			);
			runOnlyForDeploymentPostprocessing = 0;
		};
		773E939921475C8700185FA6 /* Frameworks */ = {
			isa = PBXFrameworksBuildPhase;
			buildActionMask = 2147483647;
			files = (
			);
			runOnlyForDeploymentPostprocessing = 0;
		};
		773E93A421475C8700185FA6 /* Frameworks */ = {
			isa = PBXFrameworksBuildPhase;
			buildActionMask = 2147483647;
			files = (
			);
			runOnlyForDeploymentPostprocessing = 0;
		};
/* End PBXFrameworksBuildPhase section */

/* Begin PBXGroup section */
		773E937B21475C8400185FA6 = {
			isa = PBXGroup;
			children = (
				773E938621475C8400185FA6 /* iOS-NSCache */,
				773E939F21475C8700185FA6 /* iOS-NSCacheTests */,
				773E93AA21475C8700185FA6 /* iOS-NSCacheUITests */,
				773E938521475C8400185FA6 /* Products */,
			);
			sourceTree = "<group>";
		};
		773E938521475C8400185FA6 /* Products */ = {
			isa = PBXGroup;
			children = (
				773E938421475C8400185FA6 /* iOS-NSCache.app */,
				773E939C21475C8700185FA6 /* iOS-NSCacheTests.xctest */,
				773E93A721475C8700185FA6 /* iOS-NSCacheUITests.xctest */,
			);
			name = Products;
			sourceTree = "<group>";
		};
		773E938621475C8400185FA6 /* iOS-NSCache */ = {
			isa = PBXGroup;
			children = (
				773E938721475C8400185FA6 /* AppDelegate.h */,
				773E938821475C8400185FA6 /* AppDelegate.m */,
				773E938A21475C8400185FA6 /* ViewController.h */,
				773E938B21475C8400185FA6 /* ViewController.m */,
				773E938D21475C8400185FA6 /* Main.storyboard */,
				773E939021475C8600185FA6 /* Assets.xcassets */,
				773E939221475C8600185FA6 /* LaunchScreen.storyboard */,
				773E939521475C8600185FA6 /* Info.plist */,
				773E939621475C8600185FA6 /* main.m */,
			);
			path = "iOS-NSCache";
			sourceTree = "<group>";
		};
		773E939F21475C8700185FA6 /* iOS-NSCacheTests */ = {
			isa = PBXGroup;
			children = (
				773E93A021475C8700185FA6 /* iOS_NSCacheTests.m */,
				773E93A221475C8700185FA6 /* Info.plist */,
			);
			path = "iOS-NSCacheTests";
			sourceTree = "<group>";
		};
		773E93AA21475C8700185FA6 /* iOS-NSCacheUITests */ = {
			isa = PBXGroup;
			children = (
				773E93AB21475C8700185FA6 /* iOS_NSCacheUITests.m */,
				773E93AD21475C8700185FA6 /* Info.plist */,
			);
			path = "iOS-NSCacheUITests";
			sourceTree = "<group>";
		};
/* End PBXGroup section */

/* Begin PBXNativeTarget section */
		773E938321475C8400185FA6 /* iOS-NSCache */ = {
			isa = PBXNativeTarget;
			buildConfigurationList = 773E93B021475C8700185FA6 /* Build configuration list for PBXNativeTarget "iOS-NSCache" */;
			buildPhases = (
				773E938021475C8400185FA6 /* Sources */,
				773E938121475C8400185FA6 /* Frameworks */,
				773E938221475C8400185FA6 /* Resources */,
			);
			buildRules = (
			);
			dependencies = (
			);
			name = "iOS-NSCache";
			productName = "iOS-NSCache";
			productReference = 773E938421475C8400185FA6 /* iOS-NSCache.app */;
			productType = "com.apple.product-type.application";
		};
		773E939B21475C8700185FA6 /* iOS-NSCacheTests */ = {
			isa = PBXNativeTarget;
			buildConfigurationList = 773E93B321475C8700185FA6 /* Build configuration list for PBXNativeTarget "iOS-NSCacheTests" */;
			buildPhases = (
				773E939821475C8700185FA6 /* Sources */,
				773E939921475C8700185FA6 /* Frameworks */,
				773E939A21475C8700185FA6 /* Resources */,
			);
			buildRules = (
			);
			dependencies = (
				773E939E21475C8700185FA6 /* PBXTargetDependency */,
			);
			name = "iOS-NSCacheTests";
			productName = "iOS-NSCacheTests";
			productReference = 773E939C21475C8700185FA6 /* iOS-NSCacheTests.xctest */;
			productType = "com.apple.product-type.bundle.unit-test";
		};
		773E93A621475C8700185FA6 /* iOS-NSCacheUITests */ = {
			isa = PBXNativeTarget;
			buildConfigurationList = 773E93B621475C8700185FA6 /* Build configuration list for PBXNativeTarget "iOS-NSCacheUITests" */;
			buildPhases = (
				773E93A321475C8700185FA6 /* Sources */,
				773E93A421475C8700185FA6 /* Frameworks */,
				773E93A521475C8700185FA6 /* Resources */,
			);
			buildRules = (
			);
			dependencies = (
				773E93A921475C8700185FA6 /* PBXTargetDependency */,
			);
			name = "iOS-NSCacheUITests";
			productName = "iOS-NSCacheUITests";
			productReference = 773E93A721475C8700185FA6 /* iOS-NSCacheUITests.xctest */;
			productType = "com.apple.product-type.bundle.ui-testing";
		};
/* End PBXNativeTarget section */

/* Begin PBXProject section */
		773E937C21475C8400185FA6 /* Project object */ = {
			isa = PBXProject;
			attributes = {
				LastUpgradeCheck = 0940;
				ORGANIZATIONNAME = liuyiming;
				TargetAttributes = {
					773E938321475C8400185FA6 = {
						CreatedOnToolsVersion = 9.4.1;
					};
					773E939B21475C8700185FA6 = {
						CreatedOnToolsVersion = 9.4.1;
						TestTargetID = 773E938321475C8400185FA6;
					};
					773E93A621475C8700185FA6 = {
						CreatedOnToolsVersion = 9.4.1;
						TestTargetID = 773E938321475C8400185FA6;
					};
				};
			};
			buildConfigurationList = 773E937F21475C8400185FA6 /* Build configuration list for PBXProject "iOS-NSCache" */;
			compatibilityVersion = "Xcode 9.3";
			developmentRegion = en;
			hasScannedForEncodings = 0;
			knownRegions = (
				en,
				Base,
			);
			mainGroup = 773E937B21475C8400185FA6;
			productRefGroup = 773E938521475C8400185FA6 /* Products */;
			projectDirPath = "";
			projectRoot = "";
			targets = (
				773E938321475C8400185FA6 /* iOS-NSCache */,
				773E939B21475C8700185FA6 /* iOS-NSCacheTests */,
				773E93A621475C8700185FA6 /* iOS-NSCacheUITests */,
			);
		};
/* End PBXProject section */

/* Begin PBXResourcesBuildPhase section */
		773E938221475C8400185FA6 /* Resources */ = {
			isa = PBXResourcesBuildPhase;
			buildActionMask = 2147483647;
			files = (
				773E939421475C8600185FA6 /* LaunchScreen.storyboard in Resources */,
				773E939121475C8600185FA6 /* Assets.xcassets in Resources */,
				773E938F21475C8400185FA6 /* Main.storyboard in Resources */,
			);
			runOnlyForDeploymentPostprocessing = 0;
		};
		773E939A21475C8700185FA6 /* Resources */ = {
			isa = PBXResourcesBuildPhase;
			buildActionMask = 2147483647;
			files = (
			);
			runOnlyForDeploymentPostprocessing = 0;
		};
		773E93A521475C8700185FA6 /* Resources */ = {
			isa = PBXResourcesBuildPhase;
			buildActionMask = 2147483647;
			files = (
			);
			runOnlyForDeploymentPostprocessing = 0;
		};
/* End PBXResourcesBuildPhase section */

/* Begin PBXSourcesBuildPhase section */
		773E938021475C8400185FA6 /* Sources */ = {
			isa = PBXSourcesBuildPhase;
			buildActionMask = 2147483647;
			files = (
				773E938C21475C8400185FA6 /* ViewController.m in Sources */,
				773E939721475C8600185FA6 /* main.m in Sources */,
				773E938921475C8400185FA6 /* AppDelegate.m in Sources */,
			);
			runOnlyForDeploymentPostprocessing = 0;
		};
		773E939821475C8700185FA6 /* Sources */ = {
			isa = PBXSourcesBuildPhase;
			buildActionMask = 2147483647;
			files = (
				773E93A121475C8700185FA6 /* iOS_NSCacheTests.m in Sources */,
			);
			runOnlyForDeploymentPostprocessing = 0;
		};
		773E93A321475C8700185FA6 /* Sources */ = {
			isa = PBXSourcesBuildPhase;
			buildActionMask = 2147483647;
			files = (
				773E93AC21475C8700185FA6 /* iOS_NSCacheUITests.m in Sources */,
			);
			runOnlyForDeploymentPostprocessing = 0;
		};
/* End PBXSourcesBuildPhase section */

/* Begin PBXTargetDependency section */
		773E939E21475C8700185FA6 /* PBXTargetDependency */ = {
			isa = PBXTargetDependency;
			target = 773E938321475C8400185FA6 /* iOS-NSCache */;
			targetProxy = 773E939D21475C8700185FA6 /* PBXContainerItemProxy */;
		};
		773E93A921475C8700185FA6 /* PBXTargetDependency */ = {
			isa = PBXTargetDependency;
			target = 773E938321475C8400185FA6 /* iOS-NSCache */;
			targetProxy = 773E93A821475C8700185FA6 /* PBXContainerItemProxy */;
		};
/* End PBXTargetDependency section */

/* Begin PBXVariantGroup section */
		773E938D21475C8400185FA6 /* Main.storyboard */ = {
			isa = PBXVariantGroup;
			children = (
				773E938E21475C8400185FA6 /* Base */,
			);
			name = Main.storyboard;
			sourceTree = "<group>";
		};
		773E939221475C8600185FA6 /* LaunchScreen.storyboard */ = {
			isa = PBXVariantGroup;
			children = (
				773E939321475C8600185FA6 /* Base */,
			);
			name = LaunchScreen.storyboard;
			sourceTree = "<group>";
		};
/* End PBXVariantGroup section */

/* Begin XCBuildConfiguration section */
		773E93AE21475C8700185FA6 /* Debug */ = {
			isa = XCBuildConfiguration;
			buildSettings = {
				ALWAYS_SEARCH_USER_PATHS = NO;
				CLANG_ANALYZER_NONNULL = YES;
				CLANG_ANALYZER_NUMBER_OBJECT_CONVERSION = YES_AGGRESSIVE;
				CLANG_CXX_LANGUAGE_STANDARD = "gnu++14";
				CLANG_CXX_LIBRARY = "libc++";
				CLANG_ENABLE_MODULES = YES;
				CLANG_ENABLE_OBJC_ARC = YES;
				CLANG_ENABLE_OBJC_WEAK = YES;
				CLANG_WARN_BLOCK_CAPTURE_AUTORELEASING = YES;
				CLANG_WARN_BOOL_CONVERSION = YES;
				CLANG_WARN_COMMA = YES;
				CLANG_WARN_CONSTANT_CONVERSION = YES;
				CLANG_WARN_DEPRECATED_OBJC_IMPLEMENTATIONS = YES;
				CLANG_WARN_DIRECT_OBJC_ISA_USAGE = YES_ERROR;
				CLANG_WARN_DOCUMENTATION_COMMENTS = YES;
				CLANG_WARN_EMPTY_BODY = YES;
				CLANG_WARN_ENUM_CONVERSION = YES;
				CLANG_WARN_INFINITE_RECURSION = YES;
				CLANG_WARN_INT_CONVERSION = YES;
				CLANG_WARN_NON_LITERAL_NULL_CONVERSION = YES;
				CLANG_WARN_OBJC_IMPLICIT_RETAIN_SELF = YES;
				CLANG_WARN_OBJC_LITERAL_CONVERSION = YES;
				CLANG_WARN_OBJC_ROOT_CLASS = YES_ERROR;
				CLANG_WARN_RANGE_LOOP_ANALYSIS = YES;
				CLANG_WARN_STRICT_PROTOTYPES = YES;
				CLANG_WARN_SUSPICIOUS_MOVE = YES;
				CLANG_WARN_UNGUARDED_AVAILABILITY = YES_AGGRESSIVE;
				CLANG_WARN_UNREACHABLE_CODE = YES;
				CLANG_WARN__DUPLICATE_METHOD_MATCH = YES;
				CODE_SIGN_IDENTITY = "iPhone Developer";
				COPY_PHASE_STRIP = NO;
				DEBUG_INFORMATION_FORMAT = dwarf;
				ENABLE_STRICT_OBJC_MSGSEND = YES;
				ENABLE_TESTABILITY = YES;
				GCC_C_LANGUAGE_STANDARD = gnu11;
				GCC_DYNAMIC_NO_PIC = NO;
				GCC_NO_COMMON_BLOCKS = YES;
				GCC_OPTIMIZATION_LEVEL = 0;
				GCC_PREPROCESSOR_DEFINITIONS = (
					"DEBUG=1",
					"$(inherited)",
				);
				GCC_WARN_64_TO_32_BIT_CONVERSION = YES;
				GCC_WARN_ABOUT_RETURN_TYPE = YES_ERROR;
				GCC_WARN_UNDECLARED_SELECTOR = YES;
				GCC_WARN_UNINITIALIZED_AUTOS = YES_AGGRESSIVE;
				GCC_WARN_UNUSED_FUNCTION = YES;
				GCC_WARN_UNUSED_VARIABLE = YES;
				IPHONEOS_DEPLOYMENT_TARGET = 11.4;
				MTL_ENABLE_DEBUG_INFO = YES;
				ONLY_ACTIVE_ARCH = YES;
				SDKROOT = iphoneos;
			};
			name = Debug;
		};
		773E93AF21475C8700185FA6 /* Release */ = {
			isa = XCBuildConfiguration;
			buildSettings = {
				ALWAYS_SEARCH_USER_PATHS = NO;
				CLANG_ANALYZER_NONNULL = YES;
				CLANG_ANALYZER_NUMBER_OBJECT_CONVERSION = YES_AGGRESSIVE;
				CLANG_CXX_LANGUAGE_STANDARD = "gnu++14";
				CLANG_CXX_LIBRARY = "libc++";
				CLANG_ENABLE_MODULES = YES;
				CLANG_ENABLE_OBJC_ARC = YES;
				CLANG_ENABLE_OBJC_WEAK = YES;
				CLANG_WARN_BLOCK_CAPTURE_AUTORELEASING = YES;
				CLANG_WARN_BOOL_CONVERSION = YES;
				CLANG_WARN_COMMA = YES;
				CLANG_WARN_CONSTANT_CONVERSION = YES;
				CLANG_WARN_DEPRECATED_OBJC_IMPLEMENTATIONS = YES;
				CLANG_WARN_DIRECT_OBJC_ISA_USAGE = YES_ERROR;
				CLANG_WARN_DOCUMENTATION_COMMENTS = YES;
				CLANG_WARN_EMPTY_BODY = YES;
				CLANG_WARN_ENUM_CONVERSION = YES;
				CLANG_WARN_INFINITE_RECURSION = YES;
				CLANG_WARN_INT_CONVERSION = YES;
				CLANG_WARN_NON_LITERAL_NULL_CONVERSION = YES;
				CLANG_WARN_OBJC_IMPLICIT_RETAIN_SELF = YES;
				CLANG_WARN_OBJC_LITERAL_CONVERSION = YES;
				CLANG_WARN_OBJC_ROOT_CLASS = YES_ERROR;
				CLANG_WARN_RANGE_LOOP_ANALYSIS = YES;
				CLANG_WARN_STRICT_PROTOTYPES = YES;
				CLANG_WARN_SUSPICIOUS_MOVE = YES;
				CLANG_WARN_UNGUARDED_AVAILABILITY = YES_AGGRESSIVE;
				CLANG_WARN_UNREACHABLE_CODE = YES;
				CLANG_WARN__DUPLICATE_METHOD_MATCH = YES;
				CODE_SIGN_IDENTITY = "iPhone Developer";
				COPY_PHASE_STRIP = NO;
				DEBUG_INFORMATION_FORMAT = "dwarf-with-dsym";
				ENABLE_NS_ASSERTIONS = NO;
				ENABLE_STRICT_OBJC_MSGSEND = YES;
				GCC_C_LANGUAGE_STANDARD = gnu11;
				GCC_NO_COMMON_BLOCKS = YES;
				GCC_WARN_64_TO_32_BIT_CONVERSION = YES;
				GCC_WARN_ABOUT_RETURN_TYPE = YES_ERROR;
				GCC_WARN_UNDECLARED_SELECTOR = YES;
				GCC_WARN_UNINITIALIZED_AUTOS = YES_AGGRESSIVE;
				GCC_WARN_UNUSED_FUNCTION = YES;
				GCC_WARN_UNUSED_VARIABLE = YES;
				IPHONEOS_DEPLOYMENT_TARGET = 11.4;
				MTL_ENABLE_DEBUG_INFO = NO;
				SDKROOT = iphoneos;
				VALIDATE_PRODUCT = YES;
			};
			name = Release;
		};
		773E93B121475C8700185FA6 /* Debug */ = {
			isa = XCBuildConfiguration;
			buildSettings = {
				ASSETCATALOG_COMPILER_APPICON_NAME = AppIcon;
				CODE_SIGN_STYLE = Automatic;
				INFOPLIST_FILE = "iOS-NSCache/Info.plist";
				LD_RUNPATH_SEARCH_PATHS = (
					"$(inherited)",
					"@executable_path/Frameworks",
				);
				PRODUCT_BUNDLE_IDENTIFIER = "com.liu.iOS-NSCache";
				PRODUCT_NAME = "$(TARGET_NAME)";
				TARGETED_DEVICE_FAMILY = "1,2";
			};
			name = Debug;
		};
		773E93B221475C8700185FA6 /* Release */ = {
			isa = XCBuildConfiguration;
			buildSettings = {
				ASSETCATALOG_COMPILER_APPICON_NAME = AppIcon;
				CODE_SIGN_STYLE = Automatic;
				INFOPLIST_FILE = "iOS-NSCache/Info.plist";
				LD_RUNPATH_SEARCH_PATHS = (
					"$(inherited)",
					"@executable_path/Frameworks",
				);
				PRODUCT_BUNDLE_IDENTIFIER = "com.liu.iOS-NSCache";
				PRODUCT_NAME = "$(TARGET_NAME)";
				TARGETED_DEVICE_FAMILY = "1,2";
			};
			name = Release;
		};
		773E93B421475C8700185FA6 /* Debug */ = {
			isa = XCBuildConfiguration;
			buildSettings = {
				BUNDLE_LOADER = "$(TEST_HOST)";
				CODE_SIGN_STYLE = Automatic;
				INFOPLIST_FILE = "iOS-NSCacheTests/Info.plist";
				LD_RUNPATH_SEARCH_PATHS = (
					"$(inherited)",
					"@executable_path/Frameworks",
					"@loader_path/Frameworks",
				);
				PRODUCT_BUNDLE_IDENTIFIER = "com.liu.iOS-NSCacheTests";
				PRODUCT_NAME = "$(TARGET_NAME)";
				TARGETED_DEVICE_FAMILY = "1,2";
				TEST_HOST = "$(BUILT_PRODUCTS_DIR)/iOS-NSCache.app/iOS-NSCache";
			};
			name = Debug;
		};
		773E93B521475C8700185FA6 /* Release */ = {
			isa = XCBuildConfiguration;
			buildSettings = {
				BUNDLE_LOADER = "$(TEST_HOST)";
				CODE_SIGN_STYLE = Automatic;
				INFOPLIST_FILE = "iOS-NSCacheTests/Info.plist";
				LD_RUNPATH_SEARCH_PATHS = (
					"$(inherited)",
					"@executable_path/Frameworks",
					"@loader_path/Frameworks",
				);
				PRODUCT_BUNDLE_IDENTIFIER = "com.liu.iOS-NSCacheTests";
				PRODUCT_NAME = "$(TARGET_NAME)";
				TARGETED_DEVICE_FAMILY = "1,2";
				TEST_HOST = "$(BUILT_PRODUCTS_DIR)/iOS-NSCache.app/iOS-NSCache";
			};
			name = Release;
		};
		773E93B721475C8700185FA6 /* Debug */ = {
			isa = XCBuildConfiguration;
			buildSettings = {
				CODE_SIGN_STYLE = Automatic;
				INFOPLIST_FILE = "iOS-NSCacheUITests/Info.plist";
				LD_RUNPATH_SEARCH_PATHS = (
					"$(inherited)",
					"@executable_path/Frameworks",
					"@loader_path/Frameworks",
				);
				PRODUCT_BUNDLE_IDENTIFIER = "com.liu.iOS-NSCacheUITests";
				PRODUCT_NAME = "$(TARGET_NAME)";
				TARGETED_DEVICE_FAMILY = "1,2";
				TEST_TARGET_NAME = "iOS-NSCache";
			};
			name = Debug;
		};
		773E93B821475C8700185FA6 /* Release */ = {
			isa = XCBuildConfiguration;
			buildSettings = {
				CODE_SIGN_STYLE = Automatic;
				INFOPLIST_FILE = "iOS-NSCacheUITests/Info.plist";
				LD_RUNPATH_SEARCH_PATHS = (
					"$(inherited)",
					"@executable_path/Frameworks",
					"@loader_path/Frameworks",
				);
				PRODUCT_BUNDLE_IDENTIFIER = "com.liu.iOS-NSCacheUITests";
				PRODUCT_NAME = "$(TARGET_NAME)";
				TARGETED_DEVICE_FAMILY = "1,2";
				TEST_TARGET_NAME = "iOS-NSCache";
			};
			name = Release;
		};
/* End XCBuildConfiguration section */

/* Begin XCConfigurationList section */
		773E937F21475C8400185FA6 /* Build configuration list for PBXProject "iOS-NSCache" */ = {
			isa = XCConfigurationList;
			buildConfigurations = (
				773E93AE21475C8700185FA6 /* Debug */,
				773E93AF21475C8700185FA6 /* Release */,
			);
			defaultConfigurationIsVisible = 0;
			defaultConfigurationName = Release;
		};
		773E93B021475C8700185FA6 /* Build configuration list for PBXNativeTarget "iOS-NSCache" */ = {
			isa = XCConfigurationList;
			buildConfigurations = (
				773E93B121475C8700185FA6 /* Debug */,
				773E93B221475C8700185FA6 /* Release */,
			);
			defaultConfigurationIsVisible = 0;
			defaultConfigurationName = Release;
		};
		773E93B321475C8700185FA6 /* Build configuration list for PBXNativeTarget "iOS-NSCacheTests" */ = {
			isa = XCConfigurationList;
			buildConfigurations = (
				773E93B421475C8700185FA6 /* Debug */,
				773E93B521475C8700185FA6 /* Release */,
			);
			defaultConfigurationIsVisible = 0;
			defaultConfigurationName = Release;
		};
		773E93B621475C8700185FA6 /* Build configuration list for PBXNativeTarget "iOS-NSCacheUITests" */ = {
			isa = XCConfigurationList;
			buildConfigurations = (
				773E93B721475C8700185FA6 /* Debug */,
				773E93B821475C8700185FA6 /* Release */,
			);
			defaultConfigurationIsVisible = 0;
			defaultConfigurationName = Release;
		};
/* End XCConfigurationList section */
	};
	rootObject = 773E937C21475C8400185FA6 /* Project object */;
}
